
Microsoft Visual Studio Solution File, Format Version 12.00
# Visual Studio Version 16
VisualStudioVersion = 16.0.30621.155
MinimumVisualStudioVersion = 10.0.40219.1
Project("{FAE04EC0-301F-11D3-BF4B-00C04F79EFBC}") = "EntradaDados", "EntradaDados\EntradaDados.csproj", "{73A9E805-C7E3-4439-9D37-E18787A962E9}"
EndProject
Global
	GlobalSection(SolutionConfigurationPlatforms) = preSolution
		Debug|Any CPU = Debug|Any CPU
		Release|Any CPU = Release|Any CPU
	EndGlobalSection
	GlobalSection(ProjectConfigurationPlatforms) = postSolution
		{73A9E805-C7E3-4439-9D37-E18787A962E9}.Debug|Any CPU.ActiveCfg = Debug|Any CPU
		{73A9E805-C7E3-4439-9D37-E18787A962E9}.Debug|Any CPU.Build.0 = Debug|Any CPU
		{73A9E805-C7E3-4439-9D37-E18787A962E9}.Release|Any CPU.ActiveCfg = Release|Any CPU
		{73A9E805-C7E3-4439-9D37-E18787A962E9}.Release|Any CPU.Build.0 = Release|Any CPU
	EndGlobalSection
	GlobalSection(SolutionProperties) = preSolution
		HideSolutionNode = FALSE
	EndGlobalSection
	GlobalSection(ExtensibilityGlobals) = postSolution
		SolutionGuid = {F30636C7-590F-499E-AA7B-5F25CB31DA60}
	EndGlobalSection
EndGlobal
